
Microsoft Visual Studio Solution File, Format Version 12.00
# Visual Studio 15
VisualStudioVersion = 15.0.27130.2024
MinimumVisualStudioVersion = 10.0.40219.1
Project("{9A19103F-16F7-4668-BE54-9A1E7A4F7556}") = "ContosoUniversityCore", "ContosoUniversityCore\ContosoUniversityCore.csproj", "{6D01C0F0-D711-472B-85C7-51A32020D8BC}"
EndProject
Project("{9A19103F-16F7-4668-BE54-9A1E7A4F7556}") = "ContosoUniversityCore.Test", "ContosoUniversityCore.Test\ContosoUniversityCore.Test.csproj", "{D0194A0C-DF1D-458C-BBC2-0247FBA70633}"
	ProjectSection(ProjectDependencies) = postProject
		{6D01C0F0-D711-472B-85C7-51A32020D8BC} = {6D01C0F0-D711-472B-85C7-51A32020D8BC}
	EndProjectSection
EndProject
Global
	GlobalSection(SolutionConfigurationPlatforms) = preSolution
		Debug|Any CPU = Debug|Any CPU
		Release|Any CPU = Release|Any CPU
	EndGlobalSection
	GlobalSection(ProjectConfigurationPlatforms) = postSolution
		{6D01C0F0-D711-472B-85C7-51A32020D8BC}.Debug|Any CPU.ActiveCfg = Debug|Any CPU
		{6D01C0F0-D711-472B-85C7-51A32020D8BC}.Debug|Any CPU.Build.0 = Debug|Any CPU
		{6D01C0F0-D711-472B-85C7-51A32020D8BC}.Release|Any CPU.ActiveCfg = Release|Any CPU
		{6D01C0F0-D711-472B-85C7-51A32020D8BC}.Release|Any CPU.Build.0 = Release|Any CPU
		{D0194A0C-DF1D-458C-BBC2-0247FBA70633}.Debug|Any CPU.ActiveCfg = Debug|Any CPU
		{D0194A0C-DF1D-458C-BBC2-0247FBA70633}.Debug|Any CPU.Build.0 = Debug|Any CPU
		{D0194A0C-DF1D-458C-BBC2-0247FBA70633}.Release|Any CPU.ActiveCfg = Release|Any CPU
		{D0194A0C-DF1D-458C-BBC2-0247FBA70633}.Release|Any CPU.Build.0 = Release|Any CPU
	EndGlobalSection
	GlobalSection(SolutionProperties) = preSolution
		HideSolutionNode = FALSE
	EndGlobalSection
	GlobalSection(ExtensibilityGlobals) = postSolution
		SolutionGuid = {7909FCA4-956A-4D2C-A3B5-FB42543D0C86}
	EndGlobalSection
EndGlobal
